
Microsoft Visual Studio Solution File, Format Version 12.00
# Visual Studio Version 16
VisualStudioVersion = 16.0.30711.63
MinimumVisualStudioVersion = 10.0.40219.1
Project("{FAE04EC0-301F-11D3-BF4B-00C04F79EFBC}") = "RnDServer", "RnDServer\RnDServer.csproj", "{81898816-EA4D-4082-AEEE-DA5B416BDFCC}"
EndProject
Global
	GlobalSection(SolutionConfigurationPlatforms) = preSolution
		Debug|Any CPU = Debug|Any CPU
		Release|Any CPU = Release|Any CPU
	EndGlobalSection
	GlobalSection(ProjectConfigurationPlatforms) = postSolution
		{81898816-EA4D-4082-AEEE-DA5B416BDFCC}.Debug|Any CPU.ActiveCfg = Debug|Any CPU
		{81898816-EA4D-4082-AEEE-DA5B416BDFCC}.Debug|Any CPU.Build.0 = Debug|Any CPU
		{81898816-EA4D-4082-AEEE-DA5B416BDFCC}.Release|Any CPU.ActiveCfg = Release|Any CPU
		{81898816-EA4D-4082-AEEE-DA5B416BDFCC}.Release|Any CPU.Build.0 = Release|Any CPU
	EndGlobalSection
	GlobalSection(SolutionProperties) = preSolution
		HideSolutionNode = FALSE
	EndGlobalSection
	GlobalSection(ExtensibilityGlobals) = postSolution
		SolutionGuid = {18DCD08C-48AC-4829-9293-F96257BE806B}
	EndGlobalSection
EndGlobal
